
Microsoft Visual Studio Solution File, Format Version 12.00
# Visual Studio 14
VisualStudioVersion = 14.0.24720.0
MinimumVisualStudioVersion = 10.0.40219.1
Project("{FAE04EC0-301F-11D3-BF4B-00C04F79EFBC}") = "AssignmentWeek3", "AssignmentWeek3\AssignmentWeek3.csproj", "{9E84696E-BFD7-41AD-9409-6DC98C16613B}"
EndProject
Global
	GlobalSection(SolutionConfigurationPlatforms) = preSolution
		Debug|Any CPU = Debug|Any CPU
		Release|Any CPU = Release|Any CPU
	EndGlobalSection
	GlobalSection(ProjectConfigurationPlatforms) = postSolution
		{9E84696E-BFD7-41AD-9409-6DC98C16613B}.Debug|Any CPU.ActiveCfg = Debug|Any CPU
		{9E84696E-BFD7-41AD-9409-6DC98C16613B}.Debug|Any CPU.Build.0 = Debug|Any CPU
		{9E84696E-BFD7-41AD-9409-6DC98C16613B}.Release|Any CPU.ActiveCfg = Release|Any CPU
		{9E84696E-BFD7-41AD-9409-6DC98C16613B}.Release|Any CPU.Build.0 = Release|Any CPU
	EndGlobalSection
	GlobalSection(SolutionProperties) = preSolution
		HideSolutionNode = FALSE
	EndGlobalSection
EndGlobal
